// !$*UTF8*$!
{
	archiveVersion = 1;
	classes = {
	};
	objectVersion = 55;
	objects = {

/* Begin PBXBuildFile section */
		5404AB9C28FFEAEA00DECD19 /* AppDelegate.swift in Sources */ = {isa = PBXBuildFile; fileRef = 5404AB9B28FFEAEA00DECD19 /* AppDelegate.swift */; };
		5404AB9E28FFEAEA00DECD19 /* SceneDelegate.swift in Sources */ = {isa = PBXBuildFile; fileRef = 5404AB9D28FFEAEA00DECD19 /* SceneDelegate.swift */; };
		5404ABA028FFEAEA00DECD19 /* ViewController.swift in Sources */ = {isa = PBXBuildFile; fileRef = 5404AB9F28FFEAEA00DECD19 /* ViewController.swift */; };
		5404ABA328FFEAEA00DECD19 /* Main.storyboard in Resources */ = {isa = PBXBuildFile; fileRef = 5404ABA128FFEAEA00DECD19 /* Main.storyboard */; };
		5404ABA528FFEAEC00DECD19 /* Assets.xcassets in Resources */ = {isa = PBXBuildFile; fileRef = 5404ABA428FFEAEC00DECD19 /* Assets.xcassets */; };
		5404ABA828FFEAEC00DECD19 /* LaunchScreen.storyboard in Resources */ = {isa = PBXBuildFile; fileRef = 5404ABA628FFEAEC00DECD19 /* LaunchScreen.storyboard */; };
		5404ABB028FFEB2700DECD19 /* Coordinator.swift in Sources */ = {isa = PBXBuildFile; fileRef = 5404ABAF28FFEB2700DECD19 /* Coordinator.swift */; };
		5404ABB228FFEFB600DECD19 /* Storyboarded.swift in Sources */ = {isa = PBXBuildFile; fileRef = 5404ABB128FFEFB600DECD19 /* Storyboarded.swift */; };
		5404ABB428FFF10C00DECD19 /* MainCoordinator.swift in Sources */ = {isa = PBXBuildFile; fileRef = 5404ABB328FFF10C00DECD19 /* MainCoordinator.swift */; };
		5404ABB628FFF5A800DECD19 /* BuyViewController.swift in Sources */ = {isa = PBXBuildFile; fileRef = 5404ABB528FFF5A800DECD19 /* BuyViewController.swift */; };
		5404ABB828FFF5B100DECD19 /* CreateViewController.swift in Sources */ = {isa = PBXBuildFile; fileRef = 5404ABB728FFF5B100DECD19 /* CreateViewController.swift */; };
/* End PBXBuildFile section */

/* Begin PBXFileReference section */
		5404AB9828FFEAEA00DECD19 /* MVVM-C-Demo.app */ = {isa = PBXFileReference; explicitFileType = wrapper.application; includeInIndex = 0; path = "MVVM-C-Demo.app"; sourceTree = BUILT_PRODUCTS_DIR; };
		5404AB9B28FFEAEA00DECD19 /* AppDelegate.swift */ = {isa = PBXFileReference; lastKnownFileType = sourcecode.swift; path = AppDelegate.swift; sourceTree = "<group>"; };
		5404AB9D28FFEAEA00DECD19 /* SceneDelegate.swift */ = {isa = PBXFileReference; lastKnownFileType = sourcecode.swift; path = SceneDelegate.swift; sourceTree = "<group>"; };
		5404AB9F28FFEAEA00DECD19 /* ViewController.swift */ = {isa = PBXFileReference; lastKnownFileType = sourcecode.swift; path = ViewController.swift; sourceTree = "<group>"; };
		5404ABA228FFEAEA00DECD19 /* Base */ = {isa = PBXFileReference; lastKnownFileType = file.storyboard; name = Base; path = Base.lproj/Main.storyboard; sourceTree = "<group>"; };
		5404ABA428FFEAEC00DECD19 /* Assets.xcassets */ = {isa = PBXFileReference; lastKnownFileType = folder.assetcatalog; path = Assets.xcassets; sourceTree = "<group>"; };
		5404ABA728FFEAEC00DECD19 /* Base */ = {isa = PBXFileReference; lastKnownFileType = file.storyboard; name = Base; path = Base.lproj/LaunchScreen.storyboard; sourceTree = "<group>"; };
		5404ABA928FFEAEC00DECD19 /* Info.plist */ = {isa = PBXFileReference; lastKnownFileType = text.plist.xml; path = Info.plist; sourceTree = "<group>"; };
		5404ABAF28FFEB2700DECD19 /* Coordinator.swift */ = {isa = PBXFileReference; lastKnownFileType = sourcecode.swift; path = Coordinator.swift; sourceTree = "<group>"; };
		5404ABB128FFEFB600DECD19 /* Storyboarded.swift */ = {isa = PBXFileReference; lastKnownFileType = sourcecode.swift; path = Storyboarded.swift; sourceTree = "<group>"; };
		5404ABB328FFF10C00DECD19 /* MainCoordinator.swift */ = {isa = PBXFileReference; lastKnownFileType = sourcecode.swift; path = MainCoordinator.swift; sourceTree = "<group>"; };
		5404ABB528FFF5A800DECD19 /* BuyViewController.swift */ = {isa = PBXFileReference; lastKnownFileType = sourcecode.swift; path = BuyViewController.swift; sourceTree = "<group>"; };
		5404ABB728FFF5B100DECD19 /* CreateViewController.swift */ = {isa = PBXFileReference; lastKnownFileType = sourcecode.swift; path = CreateViewController.swift; sourceTree = "<group>"; };
/* End PBXFileReference section */

/* Begin PBXFrameworksBuildPhase section */
		5404AB9528FFEAEA00DECD19 /* Frameworks */ = {
			isa = PBXFrameworksBuildPhase;
			buildActionMask = 2147483647;
			files = (
			);
			runOnlyForDeploymentPostprocessing = 0;
		};
/* End PBXFrameworksBuildPhase section */

/* Begin PBXGroup section */
		5404AB8F28FFEAEA00DECD19 = {
			isa = PBXGroup;
			children = (
				5404AB9A28FFEAEA00DECD19 /* MVVM-C-Demo */,
				5404AB9928FFEAEA00DECD19 /* Products */,
			);
			sourceTree = "<group>";
		};
		5404AB9928FFEAEA00DECD19 /* Products */ = {
			isa = PBXGroup;
			children = (
				5404AB9828FFEAEA00DECD19 /* MVVM-C-Demo.app */,
			);
			name = Products;
			sourceTree = "<group>";
		};
		5404AB9A28FFEAEA00DECD19 /* MVVM-C-Demo */ = {
			isa = PBXGroup;
			children = (
				5404ABB928FFF6B300DECD19 /* Coordinator */,
				5404AB9B28FFEAEA00DECD19 /* AppDelegate.swift */,
				5404AB9D28FFEAEA00DECD19 /* SceneDelegate.swift */,
				5404AB9F28FFEAEA00DECD19 /* ViewController.swift */,
				5404ABA128FFEAEA00DECD19 /* Main.storyboard */,
				5404ABA428FFEAEC00DECD19 /* Assets.xcassets */,
				5404ABA628FFEAEC00DECD19 /* LaunchScreen.storyboard */,
				5404ABA928FFEAEC00DECD19 /* Info.plist */,
				5404ABB528FFF5A800DECD19 /* BuyViewController.swift */,
				5404ABB728FFF5B100DECD19 /* CreateViewController.swift */,
			);
			path = "MVVM-C-Demo";
			sourceTree = "<group>";
		};
		5404ABB928FFF6B300DECD19 /* Coordinator */ = {
			isa = PBXGroup;
			children = (
				5404ABB128FFEFB600DECD19 /* Storyboarded.swift */,
				5404ABAF28FFEB2700DECD19 /* Coordinator.swift */,
				5404ABB328FFF10C00DECD19 /* MainCoordinator.swift */,
			);
			path = Coordinator;
			sourceTree = "<group>";
		};
/* End PBXGroup section */

/* Begin PBXNativeTarget section */
		5404AB9728FFEAEA00DECD19 /* MVVM-C-Demo */ = {
			isa = PBXNativeTarget;
			buildConfigurationList = 5404ABAC28FFEAEC00DECD19 /* Build configuration list for PBXNativeTarget "MVVM-C-Demo" */;
			buildPhases = (
				5404AB9428FFEAEA00DECD19 /* Sources */,
				5404AB9528FFEAEA00DECD19 /* Frameworks */,
				5404AB9628FFEAEA00DECD19 /* Resources */,
			);
			buildRules = (
			);
			dependencies = (
			);
			name = "MVVM-C-Demo";
			productName = "MVVM-C-Demo";
			productReference = 5404AB9828FFEAEA00DECD19 /* MVVM-C-Demo.app */;
			productType = "com.apple.product-type.application";
		};
/* End PBXNativeTarget section */

/* Begin PBXProject section */
		5404AB9028FFEAEA00DECD19 /* Project object */ = {
			isa = PBXProject;
			attributes = {
				BuildIndependentTargetsInParallel = 1;
				LastSwiftUpdateCheck = 1330;
				LastUpgradeCheck = 1330;
				TargetAttributes = {
					5404AB9728FFEAEA00DECD19 = {
						CreatedOnToolsVersion = 13.3.1;
					};
				};
			};
			buildConfigurationList = 5404AB9328FFEAEA00DECD19 /* Build configuration list for PBXProject "MVVM-C-Demo" */;
			compatibilityVersion = "Xcode 13.0";
			developmentRegion = en;
			hasScannedForEncodings = 0;
			knownRegions = (
				en,
				Base,
			);
			mainGroup = 5404AB8F28FFEAEA00DECD19;
			productRefGroup = 5404AB9928FFEAEA00DECD19 /* Products */;
			projectDirPath = "";
			projectRoot = "";
			targets = (
				5404AB9728FFEAEA00DECD19 /* MVVM-C-Demo */,
			);
		};
/* End PBXProject section */

/* Begin PBXResourcesBuildPhase section */
		5404AB9628FFEAEA00DECD19 /* Resources */ = {
			isa = PBXResourcesBuildPhase;
			buildActionMask = 2147483647;
			files = (
				5404ABA828FFEAEC00DECD19 /* LaunchScreen.storyboard in Resources */,
				5404ABA528FFEAEC00DECD19 /* Assets.xcassets in Resources */,
				5404ABA328FFEAEA00DECD19 /* Main.storyboard in Resources */,
			);
			runOnlyForDeploymentPostprocessing = 0;
		};
/* End PBXResourcesBuildPhase section */

/* Begin PBXSourcesBuildPhase section */
		5404AB9428FFEAEA00DECD19 /* Sources */ = {
			isa = PBXSourcesBuildPhase;
			buildActionMask = 2147483647;
			files = (
				5404ABB828FFF5B100DECD19 /* CreateViewController.swift in Sources */,
				5404ABB028FFEB2700DECD19 /* Coordinator.swift in Sources */,
				5404ABA028FFEAEA00DECD19 /* ViewController.swift in Sources */,
				5404ABB228FFEFB600DECD19 /* Storyboarded.swift in Sources */,
				5404ABB428FFF10C00DECD19 /* MainCoordinator.swift in Sources */,
				5404AB9C28FFEAEA00DECD19 /* AppDelegate.swift in Sources */,
				5404ABB628FFF5A800DECD19 /* BuyViewController.swift in Sources */,
				5404AB9E28FFEAEA00DECD19 /* SceneDelegate.swift in Sources */,
			);
			runOnlyForDeploymentPostprocessing = 0;
		};
/* End PBXSourcesBuildPhase section */

/* Begin PBXVariantGroup section */
		5404ABA128FFEAEA00DECD19 /* Main.storyboard */ = {
			isa = PBXVariantGroup;
			children = (
				5404ABA228FFEAEA00DECD19 /* Base */,
			);
			name = Main.storyboard;
			sourceTree = "<group>";
		};
		5404ABA628FFEAEC00DECD19 /* LaunchScreen.storyboard */ = {
			isa = PBXVariantGroup;
			children = (
				5404ABA728FFEAEC00DECD19 /* Base */,
			);
			name = LaunchScreen.storyboard;
			sourceTree = "<group>";
		};
/* End PBXVariantGroup section */

/* Begin XCBuildConfiguration section */
		5404ABAA28FFEAEC00DECD19 /* Debug */ = {
			isa = XCBuildConfiguration;
			buildSettings = {
				ALWAYS_SEARCH_USER_PATHS = NO;
				CLANG_ANALYZER_NONNULL = YES;
				CLANG_ANALYZER_NUMBER_OBJECT_CONVERSION = YES_AGGRESSIVE;
				CLANG_CXX_LANGUAGE_STANDARD = "gnu++17";
				CLANG_ENABLE_MODULES = YES;
				CLANG_ENABLE_OBJC_ARC = YES;
				CLANG_ENABLE_OBJC_WEAK = YES;
				CLANG_WARN_BLOCK_CAPTURE_AUTORELEASING = YES;
				CLANG_WARN_BOOL_CONVERSION = YES;
				CLANG_WARN_COMMA = YES;
				CLANG_WARN_CONSTANT_CONVERSION = YES;
				CLANG_WARN_DEPRECATED_OBJC_IMPLEMENTATIONS = YES;
				CLANG_WARN_DIRECT_OBJC_ISA_USAGE = YES_ERROR;
				CLANG_WARN_DOCUMENTATION_COMMENTS = YES;
				CLANG_WARN_EMPTY_BODY = YES;
				CLANG_WARN_ENUM_CONVERSION = YES;
				CLANG_WARN_INFINITE_RECURSION = YES;
				CLANG_WARN_INT_CONVERSION = YES;
				CLANG_WARN_NON_LITERAL_NULL_CONVERSION = YES;
				CLANG_WARN_OBJC_IMPLICIT_RETAIN_SELF = YES;
				CLANG_WARN_OBJC_LITERAL_CONVERSION = YES;
				CLANG_WARN_OBJC_ROOT_CLASS = YES_ERROR;
				CLANG_WARN_QUOTED_INCLUDE_IN_FRAMEWORK_HEADER = YES;
				CLANG_WARN_RANGE_LOOP_ANALYSIS = YES;
				CLANG_WARN_STRICT_PROTOTYPES = YES;
				CLANG_WARN_SUSPICIOUS_MOVE = YES;
				CLANG_WARN_UNGUARDED_AVAILABILITY = YES_AGGRESSIVE;
				CLANG_WARN_UNREACHABLE_CODE = YES;
				CLANG_WARN__DUPLICATE_METHOD_MATCH = YES;
				COPY_PHASE_STRIP = NO;
				DEBUG_INFORMATION_FORMAT = dwarf;
				ENABLE_STRICT_OBJC_MSGSEND = YES;
				ENABLE_TESTABILITY = YES;
				GCC_C_LANGUAGE_STANDARD = gnu11;
				GCC_DYNAMIC_NO_PIC = NO;
				GCC_NO_COMMON_BLOCKS = YES;
				GCC_OPTIMIZATION_LEVEL = 0;
				GCC_PREPROCESSOR_DEFINITIONS = (
					"DEBUG=1",
					"$(inherited)",
				);
				GCC_WARN_64_TO_32_BIT_CONVERSION = YES;
				GCC_WARN_ABOUT_RETURN_TYPE = YES_ERROR;
				GCC_WARN_UNDECLARED_SELECTOR = YES;
				GCC_WARN_UNINITIALIZED_AUTOS = YES_AGGRESSIVE;
				GCC_WARN_UNUSED_FUNCTION = YES;
				GCC_WARN_UNUSED_VARIABLE = YES;
				IPHONEOS_DEPLOYMENT_TARGET = 15.4;
				MTL_ENABLE_DEBUG_INFO = INCLUDE_SOURCE;
				MTL_FAST_MATH = YES;
				ONLY_ACTIVE_ARCH = YES;
				SDKROOT = iphoneos;
				SWIFT_ACTIVE_COMPILATION_CONDITIONS = DEBUG;
				SWIFT_OPTIMIZATION_LEVEL = "-Onone";
			};
			name = Debug;
		};
		5404ABAB28FFEAEC00DECD19 /* Release */ = {
			isa = XCBuildConfiguration;
			buildSettings = {
				ALWAYS_SEARCH_USER_PATHS = NO;
				CLANG_ANALYZER_NONNULL = YES;
				CLANG_ANALYZER_NUMBER_OBJECT_CONVERSION = YES_AGGRESSIVE;
				CLANG_CXX_LANGUAGE_STANDARD = "gnu++17";
				CLANG_ENABLE_MODULES = YES;
				CLANG_ENABLE_OBJC_ARC = YES;
				CLANG_ENABLE_OBJC_WEAK = YES;
				CLANG_WARN_BLOCK_CAPTURE_AUTORELEASING = YES;
				CLANG_WARN_BOOL_CONVERSION = YES;
				CLANG_WARN_COMMA = YES;
				CLANG_WARN_CONSTANT_CONVERSION = YES;
				CLANG_WARN_DEPRECATED_OBJC_IMPLEMENTATIONS = YES;
				CLANG_WARN_DIRECT_OBJC_ISA_USAGE = YES_ERROR;
				CLANG_WARN_DOCUMENTATION_COMMENTS = YES;
				CLANG_WARN_EMPTY_BODY = YES;
				CLANG_WARN_ENUM_CONVERSION = YES;
				CLANG_WARN_INFINITE_RECURSION = YES;
				CLANG_WARN_INT_CONVERSION = YES;
				CLANG_WARN_NON_LITERAL_NULL_CONVERSION = YES;
				CLANG_WARN_OBJC_IMPLICIT_RETAIN_SELF = YES;
				CLANG_WARN_OBJC_LITERAL_CONVERSION = YES;
				CLANG_WARN_OBJC_ROOT_CLASS = YES_ERROR;
				CLANG_WARN_QUOTED_INCLUDE_IN_FRAMEWORK_HEADER = YES;
				CLANG_WARN_RANGE_LOOP_ANALYSIS = YES;
				CLANG_WARN_STRICT_PROTOTYPES = YES;
				CLANG_WARN_SUSPICIOUS_MOVE = YES;
				CLANG_WARN_UNGUARDED_AVAILABILITY = YES_AGGRESSIVE;
				CLANG_WARN_UNREACHABLE_CODE = YES;
				CLANG_WARN__DUPLICATE_METHOD_MATCH = YES;
				COPY_PHASE_STRIP = NO;
				DEBUG_INFORMATION_FORMAT = "dwarf-with-dsym";
				ENABLE_NS_ASSERTIONS = NO;
				ENABLE_STRICT_OBJC_MSGSEND = YES;
				GCC_C_LANGUAGE_STANDARD = gnu11;
				GCC_NO_COMMON_BLOCKS = YES;
				GCC_WARN_64_TO_32_BIT_CONVERSION = YES;
				GCC_WARN_ABOUT_RETURN_TYPE = YES_ERROR;
				GCC_WARN_UNDECLARED_SELECTOR = YES;
				GCC_WARN_UNINITIALIZED_AUTOS = YES_AGGRESSIVE;
				GCC_WARN_UNUSED_FUNCTION = YES;
				GCC_WARN_UNUSED_VARIABLE = YES;
				IPHONEOS_DEPLOYMENT_TARGET = 15.4;
				MTL_ENABLE_DEBUG_INFO = NO;
				MTL_FAST_MATH = YES;
				SDKROOT = iphoneos;
				SWIFT_COMPILATION_MODE = wholemodule;
				SWIFT_OPTIMIZATION_LEVEL = "-O";
				VALIDATE_PRODUCT = YES;
			};
			name = Release;
		};
		5404ABAD28FFEAEC00DECD19 /* Debug */ = {
			isa = XCBuildConfiguration;
			buildSettings = {
				ASSETCATALOG_COMPILER_APPICON_NAME = AppIcon;
				ASSETCATALOG_COMPILER_GLOBAL_ACCENT_COLOR_NAME = AccentColor;
				CODE_SIGN_STYLE = Automatic;
				CURRENT_PROJECT_VERSION = 1;
				DEVELOPMENT_TEAM = WJT22M2F7F;
				GENERATE_INFOPLIST_FILE = YES;
				INFOPLIST_FILE = "MVVM-C-Demo/Info.plist";
				INFOPLIST_KEY_UIApplicationSupportsIndirectInputEvents = YES;
				INFOPLIST_KEY_UILaunchStoryboardName = LaunchScreen;
				INFOPLIST_KEY_UISupportedInterfaceOrientations = UIInterfaceOrientationPortrait;
				INFOPLIST_KEY_UISupportedInterfaceOrientations_iPad = "UIInterfaceOrientationPortrait UIInterfaceOrientationPortraitUpsideDown UIInterfaceOrientationLandscapeLeft UIInterfaceOrientationLandscapeRight";
				INFOPLIST_KEY_UISupportedInterfaceOrientations_iPhone = "UIInterfaceOrientationPortrait UIInterfaceOrientationLandscapeLeft UIInterfaceOrientationLandscapeRight";
				LD_RUNPATH_SEARCH_PATHS = (
					"$(inherited)",
					"@executable_path/Frameworks",
				);
				MARKETING_VERSION = 1.0.1;
				PRODUCT_BUNDLE_IDENTIFIER = "burak-akcan.MVVM-C-Demo";
				PRODUCT_NAME = "$(TARGET_NAME)";
				SWIFT_EMIT_LOC_STRINGS = YES;
				SWIFT_VERSION = 5.0;
				TARGETED_DEVICE_FAMILY = 1;
			};
			name = Debug;
		};
		5404ABAE28FFEAEC00DECD19 /* Release */ = {
			isa = XCBuildConfiguration;
			buildSettings = {
				ASSETCATALOG_COMPILER_APPICON_NAME = AppIcon;
				ASSETCATALOG_COMPILER_GLOBAL_ACCENT_COLOR_NAME = AccentColor;
				CODE_SIGN_STYLE = Automatic;
				CURRENT_PROJECT_VERSION = 1;
				DEVELOPMENT_TEAM = WJT22M2F7F;
				GENERATE_INFOPLIST_FILE = YES;
				INFOPLIST_FILE = "MVVM-C-Demo/Info.plist";
				INFOPLIST_KEY_UIApplicationSupportsIndirectInputEvents = YES;
				INFOPLIST_KEY_UILaunchStoryboardName = LaunchScreen;
				INFOPLIST_KEY_UISupportedInterfaceOrientations = UIInterfaceOrientationPortrait;
				INFOPLIST_KEY_UISupportedInterfaceOrientations_iPad = "UIInterfaceOrientationPortrait UIInterfaceOrientationPortraitUpsideDown UIInterfaceOrientationLandscapeLeft UIInterfaceOrientationLandscapeRight";
				INFOPLIST_KEY_UISupportedInterfaceOrientations_iPhone = "UIInterfaceOrientationPortrait UIInterfaceOrientationLandscapeLeft UIInterfaceOrientationLandscapeRight";
				LD_RUNPATH_SEARCH_PATHS = (
					"$(inherited)",
					"@executable_path/Frameworks",
				);
				MARKETING_VERSION = 1.0.1;
				PRODUCT_BUNDLE_IDENTIFIER = "burak-akcan.MVVM-C-Demo";
				PRODUCT_NAME = "$(TARGET_NAME)";
				SWIFT_EMIT_LOC_STRINGS = YES;
				SWIFT_VERSION = 5.0;
				TARGETED_DEVICE_FAMILY = 1;
			};
			name = Release;
		};
/* End XCBuildConfiguration section */

/* Begin XCConfigurationList section */
		5404AB9328FFEAEA00DECD19 /* Build configuration list for PBXProject "MVVM-C-Demo" */ = {
			isa = XCConfigurationList;
			buildConfigurations = (
				5404ABAA28FFEAEC00DECD19 /* Debug */,
				5404ABAB28FFEAEC00DECD19 /* Release */,
			);
			defaultConfigurationIsVisible = 0;
			defaultConfigurationName = Release;
		};
		5404ABAC28FFEAEC00DECD19 /* Build configuration list for PBXNativeTarget "MVVM-C-Demo" */ = {
			isa = XCConfigurationList;
			buildConfigurations = (
				5404ABAD28FFEAEC00DECD19 /* Debug */,
				5404ABAE28FFEAEC00DECD19 /* Release */,
			);
			defaultConfigurationIsVisible = 0;
			defaultConfigurationName = Release;
		};
/* End XCConfigurationList section */
	};
	rootObject = 5404AB9028FFEAEA00DECD19 /* Project object */;
}
