// !$*UTF8*$!
{
	archiveVersion = 1;
	classes = {
	};
	objectVersion = 55;
	objects = {

/* Begin PBXBuildFile section */
		5448915828F2D2EC000CECC0 /* HomeViewModel.swift in Sources */ = {isa = PBXBuildFile; fileRef = 5448915728F2D2EC000CECC0 /* HomeViewModel.swift */; };
		5496B4A428F21B3C0055A5A3 /* AppDelegate.swift in Sources */ = {isa = PBXBuildFile; fileRef = 5496B4A328F21B3C0055A5A3 /* AppDelegate.swift */; };
		5496B4A628F21B3C0055A5A3 /* SceneDelegate.swift in Sources */ = {isa = PBXBuildFile; fileRef = 5496B4A528F21B3C0055A5A3 /* SceneDelegate.swift */; };
		5496B4A828F21B3C0055A5A3 /* LoginViewController.swift in Sources */ = {isa = PBXBuildFile; fileRef = 5496B4A728F21B3C0055A5A3 /* LoginViewController.swift */; };
		5496B4AB28F21B3C0055A5A3 /* Main.storyboard in Resources */ = {isa = PBXBuildFile; fileRef = 5496B4A928F21B3C0055A5A3 /* Main.storyboard */; };
		5496B4AD28F21B3D0055A5A3 /* Assets.xcassets in Resources */ = {isa = PBXBuildFile; fileRef = 5496B4AC28F21B3D0055A5A3 /* Assets.xcassets */; };
		5496B4B028F21B3D0055A5A3 /* LaunchScreen.storyboard in Resources */ = {isa = PBXBuildFile; fileRef = 5496B4AE28F21B3D0055A5A3 /* LaunchScreen.storyboard */; };
		5496B4B828F21CB40055A5A3 /* HomeViewController.swift in Sources */ = {isa = PBXBuildFile; fileRef = 5496B4B728F21CB40055A5A3 /* HomeViewController.swift */; };
		5496B4BA28F221400055A5A3 /* User.swift in Sources */ = {isa = PBXBuildFile; fileRef = 5496B4B928F221400055A5A3 /* User.swift */; };
		5496B4BD28F221E60055A5A3 /* LoginViewModel.swift in Sources */ = {isa = PBXBuildFile; fileRef = 5496B4BC28F221E60055A5A3 /* LoginViewModel.swift */; };
		5496B4C128F235EA0055A5A3 /* NetworkService.swift in Sources */ = {isa = PBXBuildFile; fileRef = 5496B4C028F235EA0055A5A3 /* NetworkService.swift */; };
/* End PBXBuildFile section */

/* Begin PBXFileReference section */
		5448915728F2D2EC000CECC0 /* HomeViewModel.swift */ = {isa = PBXFileReference; lastKnownFileType = sourcecode.swift; path = HomeViewModel.swift; sourceTree = "<group>"; };
		5496B4A028F21B3C0055A5A3 /* MVVMBinding.app */ = {isa = PBXFileReference; explicitFileType = wrapper.application; includeInIndex = 0; path = MVVMBinding.app; sourceTree = BUILT_PRODUCTS_DIR; };
		5496B4A328F21B3C0055A5A3 /* AppDelegate.swift */ = {isa = PBXFileReference; lastKnownFileType = sourcecode.swift; path = AppDelegate.swift; sourceTree = "<group>"; };
		5496B4A528F21B3C0055A5A3 /* SceneDelegate.swift */ = {isa = PBXFileReference; lastKnownFileType = sourcecode.swift; path = SceneDelegate.swift; sourceTree = "<group>"; };
		5496B4A728F21B3C0055A5A3 /* LoginViewController.swift */ = {isa = PBXFileReference; lastKnownFileType = sourcecode.swift; path = LoginViewController.swift; sourceTree = "<group>"; };
		5496B4AA28F21B3C0055A5A3 /* Base */ = {isa = PBXFileReference; lastKnownFileType = file.storyboard; name = Base; path = Base.lproj/Main.storyboard; sourceTree = "<group>"; };
		5496B4AC28F21B3D0055A5A3 /* Assets.xcassets */ = {isa = PBXFileReference; lastKnownFileType = folder.assetcatalog; path = Assets.xcassets; sourceTree = "<group>"; };
		5496B4AF28F21B3D0055A5A3 /* Base */ = {isa = PBXFileReference; lastKnownFileType = file.storyboard; name = Base; path = Base.lproj/LaunchScreen.storyboard; sourceTree = "<group>"; };
		5496B4B128F21B3D0055A5A3 /* Info.plist */ = {isa = PBXFileReference; lastKnownFileType = text.plist.xml; path = Info.plist; sourceTree = "<group>"; };
		5496B4B728F21CB40055A5A3 /* HomeViewController.swift */ = {isa = PBXFileReference; lastKnownFileType = sourcecode.swift; path = HomeViewController.swift; sourceTree = "<group>"; };
		5496B4B928F221400055A5A3 /* User.swift */ = {isa = PBXFileReference; lastKnownFileType = sourcecode.swift; path = User.swift; sourceTree = "<group>"; };
		5496B4BC28F221E60055A5A3 /* LoginViewModel.swift */ = {isa = PBXFileReference; lastKnownFileType = sourcecode.swift; path = LoginViewModel.swift; sourceTree = "<group>"; };
		5496B4C028F235EA0055A5A3 /* NetworkService.swift */ = {isa = PBXFileReference; lastKnownFileType = sourcecode.swift; path = NetworkService.swift; sourceTree = "<group>"; };
/* End PBXFileReference section */

/* Begin PBXFrameworksBuildPhase section */
		5496B49D28F21B3C0055A5A3 /* Frameworks */ = {
			isa = PBXFrameworksBuildPhase;
			buildActionMask = 2147483647;
			files = (
			);
			runOnlyForDeploymentPostprocessing = 0;
		};
/* End PBXFrameworksBuildPhase section */

/* Begin PBXGroup section */
		5448915628F2D2DA000CECC0 /* HomeView */ = {
			isa = PBXGroup;
			children = (
				5496B4B728F21CB40055A5A3 /* HomeViewController.swift */,
				5448915728F2D2EC000CECC0 /* HomeViewModel.swift */,
			);
			path = HomeView;
			sourceTree = "<group>";
		};
		5496B49728F21B3C0055A5A3 = {
			isa = PBXGroup;
			children = (
				5496B4A228F21B3C0055A5A3 /* MVVMBinding */,
				5496B4A128F21B3C0055A5A3 /* Products */,
			);
			sourceTree = "<group>";
		};
		5496B4A128F21B3C0055A5A3 /* Products */ = {
			isa = PBXGroup;
			children = (
				5496B4A028F21B3C0055A5A3 /* MVVMBinding.app */,
			);
			name = Products;
			sourceTree = "<group>";
		};
		5496B4A228F21B3C0055A5A3 /* MVVMBinding */ = {
			isa = PBXGroup;
			children = (
				5448915628F2D2DA000CECC0 /* HomeView */,
				5496B4BB28F221CD0055A5A3 /* LoginView */,
				5496B4A328F21B3C0055A5A3 /* AppDelegate.swift */,
				5496B4A528F21B3C0055A5A3 /* SceneDelegate.swift */,
				5496B4A928F21B3C0055A5A3 /* Main.storyboard */,
				5496B4AC28F21B3D0055A5A3 /* Assets.xcassets */,
				5496B4AE28F21B3D0055A5A3 /* LaunchScreen.storyboard */,
				5496B4B128F21B3D0055A5A3 /* Info.plist */,
				5496B4B928F221400055A5A3 /* User.swift */,
				5496B4C028F235EA0055A5A3 /* NetworkService.swift */,
			);
			path = MVVMBinding;
			sourceTree = "<group>";
		};
		5496B4BB28F221CD0055A5A3 /* LoginView */ = {
			isa = PBXGroup;
			children = (
				5496B4A728F21B3C0055A5A3 /* LoginViewController.swift */,
				5496B4BC28F221E60055A5A3 /* LoginViewModel.swift */,
			);
			path = LoginView;
			sourceTree = "<group>";
		};
/* End PBXGroup section */

/* Begin PBXNativeTarget section */
		5496B49F28F21B3C0055A5A3 /* MVVMBinding */ = {
			isa = PBXNativeTarget;
			buildConfigurationList = 5496B4B428F21B3D0055A5A3 /* Build configuration list for PBXNativeTarget "MVVMBinding" */;
			buildPhases = (
				5496B49C28F21B3C0055A5A3 /* Sources */,
				5496B49D28F21B3C0055A5A3 /* Frameworks */,
				5496B49E28F21B3C0055A5A3 /* Resources */,
			);
			buildRules = (
			);
			dependencies = (
			);
			name = MVVMBinding;
			productName = MVVMBinding;
			productReference = 5496B4A028F21B3C0055A5A3 /* MVVMBinding.app */;
			productType = "com.apple.product-type.application";
		};
/* End PBXNativeTarget section */

/* Begin PBXProject section */
		5496B49828F21B3C0055A5A3 /* Project object */ = {
			isa = PBXProject;
			attributes = {
				BuildIndependentTargetsInParallel = 1;
				LastSwiftUpdateCheck = 1330;
				LastUpgradeCheck = 1330;
				TargetAttributes = {
					5496B49F28F21B3C0055A5A3 = {
						CreatedOnToolsVersion = 13.3.1;
					};
				};
			};
			buildConfigurationList = 5496B49B28F21B3C0055A5A3 /* Build configuration list for PBXProject "MVVMBinding" */;
			compatibilityVersion = "Xcode 13.0";
			developmentRegion = en;
			hasScannedForEncodings = 0;
			knownRegions = (
				en,
				Base,
			);
			mainGroup = 5496B49728F21B3C0055A5A3;
			productRefGroup = 5496B4A128F21B3C0055A5A3 /* Products */;
			projectDirPath = "";
			projectRoot = "";
			targets = (
				5496B49F28F21B3C0055A5A3 /* MVVMBinding */,
			);
		};
/* End PBXProject section */

/* Begin PBXResourcesBuildPhase section */
		5496B49E28F21B3C0055A5A3 /* Resources */ = {
			isa = PBXResourcesBuildPhase;
			buildActionMask = 2147483647;
			files = (
				5496B4B028F21B3D0055A5A3 /* LaunchScreen.storyboard in Resources */,
				5496B4AD28F21B3D0055A5A3 /* Assets.xcassets in Resources */,
				5496B4AB28F21B3C0055A5A3 /* Main.storyboard in Resources */,
			);
			runOnlyForDeploymentPostprocessing = 0;
		};
/* End PBXResourcesBuildPhase section */

/* Begin PBXSourcesBuildPhase section */
		5496B49C28F21B3C0055A5A3 /* Sources */ = {
			isa = PBXSourcesBuildPhase;
			buildActionMask = 2147483647;
			files = (
				5496B4A828F21B3C0055A5A3 /* LoginViewController.swift in Sources */,
				5448915828F2D2EC000CECC0 /* HomeViewModel.swift in Sources */,
				5496B4A428F21B3C0055A5A3 /* AppDelegate.swift in Sources */,
				5496B4C128F235EA0055A5A3 /* NetworkService.swift in Sources */,
				5496B4BD28F221E60055A5A3 /* LoginViewModel.swift in Sources */,
				5496B4A628F21B3C0055A5A3 /* SceneDelegate.swift in Sources */,
				5496B4BA28F221400055A5A3 /* User.swift in Sources */,
				5496B4B828F21CB40055A5A3 /* HomeViewController.swift in Sources */,
			);
			runOnlyForDeploymentPostprocessing = 0;
		};
/* End PBXSourcesBuildPhase section */

/* Begin PBXVariantGroup section */
		5496B4A928F21B3C0055A5A3 /* Main.storyboard */ = {
			isa = PBXVariantGroup;
			children = (
				5496B4AA28F21B3C0055A5A3 /* Base */,
			);
			name = Main.storyboard;
			sourceTree = "<group>";
		};
		5496B4AE28F21B3D0055A5A3 /* LaunchScreen.storyboard */ = {
			isa = PBXVariantGroup;
			children = (
				5496B4AF28F21B3D0055A5A3 /* Base */,
			);
			name = LaunchScreen.storyboard;
			sourceTree = "<group>";
		};
/* End PBXVariantGroup section */

/* Begin XCBuildConfiguration section */
		5496B4B228F21B3D0055A5A3 /* Debug */ = {
			isa = XCBuildConfiguration;
			buildSettings = {
				ALWAYS_SEARCH_USER_PATHS = NO;
				CLANG_ANALYZER_NONNULL = YES;
				CLANG_ANALYZER_NUMBER_OBJECT_CONVERSION = YES_AGGRESSIVE;
				CLANG_CXX_LANGUAGE_STANDARD = "gnu++17";
				CLANG_ENABLE_MODULES = YES;
				CLANG_ENABLE_OBJC_ARC = YES;
				CLANG_ENABLE_OBJC_WEAK = YES;
				CLANG_WARN_BLOCK_CAPTURE_AUTORELEASING = YES;
				CLANG_WARN_BOOL_CONVERSION = YES;
				CLANG_WARN_COMMA = YES;
				CLANG_WARN_CONSTANT_CONVERSION = YES;
				CLANG_WARN_DEPRECATED_OBJC_IMPLEMENTATIONS = YES;
				CLANG_WARN_DIRECT_OBJC_ISA_USAGE = YES_ERROR;
				CLANG_WARN_DOCUMENTATION_COMMENTS = YES;
				CLANG_WARN_EMPTY_BODY = YES;
				CLANG_WARN_ENUM_CONVERSION = YES;
				CLANG_WARN_INFINITE_RECURSION = YES;
				CLANG_WARN_INT_CONVERSION = YES;
				CLANG_WARN_NON_LITERAL_NULL_CONVERSION = YES;
				CLANG_WARN_OBJC_IMPLICIT_RETAIN_SELF = YES;
				CLANG_WARN_OBJC_LITERAL_CONVERSION = YES;
				CLANG_WARN_OBJC_ROOT_CLASS = YES_ERROR;
				CLANG_WARN_QUOTED_INCLUDE_IN_FRAMEWORK_HEADER = YES;
				CLANG_WARN_RANGE_LOOP_ANALYSIS = YES;
				CLANG_WARN_STRICT_PROTOTYPES = YES;
				CLANG_WARN_SUSPICIOUS_MOVE = YES;
				CLANG_WARN_UNGUARDED_AVAILABILITY = YES_AGGRESSIVE;
				CLANG_WARN_UNREACHABLE_CODE = YES;
				CLANG_WARN__DUPLICATE_METHOD_MATCH = YES;
				COPY_PHASE_STRIP = NO;
				DEBUG_INFORMATION_FORMAT = dwarf;
				ENABLE_STRICT_OBJC_MSGSEND = YES;
				ENABLE_TESTABILITY = YES;
				GCC_C_LANGUAGE_STANDARD = gnu11;
				GCC_DYNAMIC_NO_PIC = NO;
				GCC_NO_COMMON_BLOCKS = YES;
				GCC_OPTIMIZATION_LEVEL = 0;
				GCC_PREPROCESSOR_DEFINITIONS = (
					"DEBUG=1",
					"$(inherited)",
				);
				GCC_WARN_64_TO_32_BIT_CONVERSION = YES;
				GCC_WARN_ABOUT_RETURN_TYPE = YES_ERROR;
				GCC_WARN_UNDECLARED_SELECTOR = YES;
				GCC_WARN_UNINITIALIZED_AUTOS = YES_AGGRESSIVE;
				GCC_WARN_UNUSED_FUNCTION = YES;
				GCC_WARN_UNUSED_VARIABLE = YES;
				IPHONEOS_DEPLOYMENT_TARGET = 15.4;
				MTL_ENABLE_DEBUG_INFO = INCLUDE_SOURCE;
				MTL_FAST_MATH = YES;
				ONLY_ACTIVE_ARCH = YES;
				SDKROOT = iphoneos;
				SWIFT_ACTIVE_COMPILATION_CONDITIONS = DEBUG;
				SWIFT_OPTIMIZATION_LEVEL = "-Onone";
			};
			name = Debug;
		};
		5496B4B328F21B3D0055A5A3 /* Release */ = {
			isa = XCBuildConfiguration;
			buildSettings = {
				ALWAYS_SEARCH_USER_PATHS = NO;
				CLANG_ANALYZER_NONNULL = YES;
				CLANG_ANALYZER_NUMBER_OBJECT_CONVERSION = YES_AGGRESSIVE;
				CLANG_CXX_LANGUAGE_STANDARD = "gnu++17";
				CLANG_ENABLE_MODULES = YES;
				CLANG_ENABLE_OBJC_ARC = YES;
				CLANG_ENABLE_OBJC_WEAK = YES;
				CLANG_WARN_BLOCK_CAPTURE_AUTORELEASING = YES;
				CLANG_WARN_BOOL_CONVERSION = YES;
				CLANG_WARN_COMMA = YES;
				CLANG_WARN_CONSTANT_CONVERSION = YES;
				CLANG_WARN_DEPRECATED_OBJC_IMPLEMENTATIONS = YES;
				CLANG_WARN_DIRECT_OBJC_ISA_USAGE = YES_ERROR;
				CLANG_WARN_DOCUMENTATION_COMMENTS = YES;
				CLANG_WARN_EMPTY_BODY = YES;
				CLANG_WARN_ENUM_CONVERSION = YES;
				CLANG_WARN_INFINITE_RECURSION = YES;
				CLANG_WARN_INT_CONVERSION = YES;
				CLANG_WARN_NON_LITERAL_NULL_CONVERSION = YES;
				CLANG_WARN_OBJC_IMPLICIT_RETAIN_SELF = YES;
				CLANG_WARN_OBJC_LITERAL_CONVERSION = YES;
				CLANG_WARN_OBJC_ROOT_CLASS = YES_ERROR;
				CLANG_WARN_QUOTED_INCLUDE_IN_FRAMEWORK_HEADER = YES;
				CLANG_WARN_RANGE_LOOP_ANALYSIS = YES;
				CLANG_WARN_STRICT_PROTOTYPES = YES;
				CLANG_WARN_SUSPICIOUS_MOVE = YES;
				CLANG_WARN_UNGUARDED_AVAILABILITY = YES_AGGRESSIVE;
				CLANG_WARN_UNREACHABLE_CODE = YES;
				CLANG_WARN__DUPLICATE_METHOD_MATCH = YES;
				COPY_PHASE_STRIP = NO;
				DEBUG_INFORMATION_FORMAT = "dwarf-with-dsym";
				ENABLE_NS_ASSERTIONS = NO;
				ENABLE_STRICT_OBJC_MSGSEND = YES;
				GCC_C_LANGUAGE_STANDARD = gnu11;
				GCC_NO_COMMON_BLOCKS = YES;
				GCC_WARN_64_TO_32_BIT_CONVERSION = YES;
				GCC_WARN_ABOUT_RETURN_TYPE = YES_ERROR;
				GCC_WARN_UNDECLARED_SELECTOR = YES;
				GCC_WARN_UNINITIALIZED_AUTOS = YES_AGGRESSIVE;
				GCC_WARN_UNUSED_FUNCTION = YES;
				GCC_WARN_UNUSED_VARIABLE = YES;
				IPHONEOS_DEPLOYMENT_TARGET = 15.4;
				MTL_ENABLE_DEBUG_INFO = NO;
				MTL_FAST_MATH = YES;
				SDKROOT = iphoneos;
				SWIFT_COMPILATION_MODE = wholemodule;
				SWIFT_OPTIMIZATION_LEVEL = "-O";
				VALIDATE_PRODUCT = YES;
			};
			name = Release;
		};
		5496B4B528F21B3D0055A5A3 /* Debug */ = {
			isa = XCBuildConfiguration;
			buildSettings = {
				ASSETCATALOG_COMPILER_APPICON_NAME = AppIcon;
				ASSETCATALOG_COMPILER_GLOBAL_ACCENT_COLOR_NAME = AccentColor;
				CODE_SIGN_STYLE = Automatic;
				CURRENT_PROJECT_VERSION = 1;
				DEVELOPMENT_TEAM = WJT22M2F7F;
				GENERATE_INFOPLIST_FILE = YES;
				INFOPLIST_FILE = MVVMBinding/Info.plist;
				INFOPLIST_KEY_UIApplicationSupportsIndirectInputEvents = YES;
				INFOPLIST_KEY_UILaunchStoryboardName = LaunchScreen;
				INFOPLIST_KEY_UIMainStoryboardFile = Main;
				INFOPLIST_KEY_UISupportedInterfaceOrientations = UIInterfaceOrientationPortrait;
				INFOPLIST_KEY_UISupportedInterfaceOrientations_iPad = "UIInterfaceOrientationPortrait UIInterfaceOrientationPortraitUpsideDown UIInterfaceOrientationLandscapeLeft UIInterfaceOrientationLandscapeRight";
				INFOPLIST_KEY_UISupportedInterfaceOrientations_iPhone = "UIInterfaceOrientationPortrait UIInterfaceOrientationLandscapeLeft UIInterfaceOrientationLandscapeRight";
				LD_RUNPATH_SEARCH_PATHS = (
					"$(inherited)",
					"@executable_path/Frameworks",
				);
				MARKETING_VERSION = 1.0.0;
				PRODUCT_BUNDLE_IDENTIFIER = com.burakakcan.MVVMBinding;
				PRODUCT_NAME = "$(TARGET_NAME)";
				SWIFT_EMIT_LOC_STRINGS = YES;
				SWIFT_VERSION = 5.0;
				TARGETED_DEVICE_FAMILY = 1;
			};
			name = Debug;
		};
		5496B4B628F21B3D0055A5A3 /* Release */ = {
			isa = XCBuildConfiguration;
			buildSettings = {
				ASSETCATALOG_COMPILER_APPICON_NAME = AppIcon;
				ASSETCATALOG_COMPILER_GLOBAL_ACCENT_COLOR_NAME = AccentColor;
				CODE_SIGN_STYLE = Automatic;
				CURRENT_PROJECT_VERSION = 1;
				DEVELOPMENT_TEAM = WJT22M2F7F;
				GENERATE_INFOPLIST_FILE = YES;
				INFOPLIST_FILE = MVVMBinding/Info.plist;
				INFOPLIST_KEY_UIApplicationSupportsIndirectInputEvents = YES;
				INFOPLIST_KEY_UILaunchStoryboardName = LaunchScreen;
				INFOPLIST_KEY_UIMainStoryboardFile = Main;
				INFOPLIST_KEY_UISupportedInterfaceOrientations = UIInterfaceOrientationPortrait;
				INFOPLIST_KEY_UISupportedInterfaceOrientations_iPad = "UIInterfaceOrientationPortrait UIInterfaceOrientationPortraitUpsideDown UIInterfaceOrientationLandscapeLeft UIInterfaceOrientationLandscapeRight";
				INFOPLIST_KEY_UISupportedInterfaceOrientations_iPhone = "UIInterfaceOrientationPortrait UIInterfaceOrientationLandscapeLeft UIInterfaceOrientationLandscapeRight";
				LD_RUNPATH_SEARCH_PATHS = (
					"$(inherited)",
					"@executable_path/Frameworks",
				);
				MARKETING_VERSION = 1.0.0;
				PRODUCT_BUNDLE_IDENTIFIER = com.burakakcan.MVVMBinding;
				PRODUCT_NAME = "$(TARGET_NAME)";
				SWIFT_EMIT_LOC_STRINGS = YES;
				SWIFT_VERSION = 5.0;
				TARGETED_DEVICE_FAMILY = 1;
			};
			name = Release;
		};
/* End XCBuildConfiguration section */

/* Begin XCConfigurationList section */
		5496B49B28F21B3C0055A5A3 /* Build configuration list for PBXProject "MVVMBinding" */ = {
			isa = XCConfigurationList;
			buildConfigurations = (
				5496B4B228F21B3D0055A5A3 /* Debug */,
				5496B4B328F21B3D0055A5A3 /* Release */,
			);
			defaultConfigurationIsVisible = 0;
			defaultConfigurationName = Release;
		};
		5496B4B428F21B3D0055A5A3 /* Build configuration list for PBXNativeTarget "MVVMBinding" */ = {
			isa = XCConfigurationList;
			buildConfigurations = (
				5496B4B528F21B3D0055A5A3 /* Debug */,
				5496B4B628F21B3D0055A5A3 /* Release */,
			);
			defaultConfigurationIsVisible = 0;
			defaultConfigurationName = Release;
		};
/* End XCConfigurationList section */
	};
	rootObject = 5496B49828F21B3C0055A5A3 /* Project object */;
}
